
Microsoft Visual Studio Solution File, Format Version 12.00
# Visual Studio 15
VisualStudioVersion = 15.0.28010.2041
MinimumVisualStudioVersion = 10.0.40219.1
Project("{2150E333-8FDC-42A3-9474-1A3956D46DE8}") = "0-Presentation", "0-Presentation", "{C129A783-658B-4972-BB75-D1C5ECB74021}"
EndProject
Project("{2150E333-8FDC-42A3-9474-1A3956D46DE8}") = "1-Services", "1-Services", "{EB50ABD0-D66C-4869-AC08-D63304DA8B5A}"
EndProject
Project("{2150E333-8FDC-42A3-9474-1A3956D46DE8}") = "2-Application", "2-Application", "{F1465487-5BF0-4636-A0AC-61AF13E29317}"
EndProject
Project("{2150E333-8FDC-42A3-9474-1A3956D46DE8}") = "3-Domain", "3-Domain", "{536F4062-FE1F-49AF-A822-39BF541BD297}"
EndProject
Project("{2150E333-8FDC-42A3-9474-1A3956D46DE8}") = "4-Infra", "4-Infra", "{B6AE9F3C-CB46-437E-9871-BAD483645EC4}"
EndProject
Project("{2150E333-8FDC-42A3-9474-1A3956D46DE8}") = "4.1-data", "4.1-data", "{6E18385E-FB73-4AC4-8C34-20DD1E28D01D}"
EndProject
Project("{2150E333-8FDC-42A3-9474-1A3956D46DE8}") = "4.2-CrossCuting", "4.2-CrossCuting", "{6FE5C260-BE3F-4BDD-9062-DF12A6FF2754}"
EndProject
Project("{2150E333-8FDC-42A3-9474-1A3956D46DE8}") = "0.2-Web", "0.2-Web", "{2FCA0576-1375-475C-AEEF-D7EC427B0E07}"
EndProject
Project("{2150E333-8FDC-42A3-9474-1A3956D46DE8}") = "0.1-DeskTop", "0.1-DeskTop", "{4AA95E1E-2EF9-4C64-A1B7-3C563A43447C}"
EndProject
Project("{FAE04EC0-301F-11D3-BF4B-00C04F79EFBC}") = "SistemaRefrigerante.MVC", "SistemaRefrigerante.MVC\SistemaRefrigerante.MVC.csproj", "{ED68440A-60B8-4DEB-B0A0-72FDE0F2BB81}"
EndProject
Project("{FAE04EC0-301F-11D3-BF4B-00C04F79EFBC}") = "SistemaRefrigerante.Application", "SistemaRefrigerante.Application\SistemaRefrigerante.Application.csproj", "{254BE032-EF72-48CE-A10C-B6264492EA60}"
EndProject
Project("{FAE04EC0-301F-11D3-BF4B-00C04F79EFBC}") = "SistemaRefrigerante.Domain", "SistemaRefrigerante.Domain\SistemaRefrigerante.Domain.csproj", "{4EF0A11C-2B7B-4C2A-897C-C9AD033A0592}"
EndProject
Project("{FAE04EC0-301F-11D3-BF4B-00C04F79EFBC}") = "SistemaRefrigerante.Infra.Data", "SistemaRefrigerante.Infra.Data\SistemaRefrigerante.Infra.Data.csproj", "{988130A1-2CDC-4050-AC87-BB60022ABE85}"
EndProject
Project("{FAE04EC0-301F-11D3-BF4B-00C04F79EFBC}") = "Data1", "Data1\Data1.csproj", "{7698524D-567B-4A60-9373-FC63BA70193C}"
	ProjectSection(ProjectDependencies) = postProject
		{ED68440A-60B8-4DEB-B0A0-72FDE0F2BB81} = {ED68440A-60B8-4DEB-B0A0-72FDE0F2BB81}
		{4EF0A11C-2B7B-4C2A-897C-C9AD033A0592} = {4EF0A11C-2B7B-4C2A-897C-C9AD033A0592}
	EndProjectSection
EndProject
Global
	GlobalSection(SolutionConfigurationPlatforms) = preSolution
		Debug|Any CPU = Debug|Any CPU
		Release|Any CPU = Release|Any CPU
	EndGlobalSection
	GlobalSection(ProjectConfigurationPlatforms) = postSolution
		{ED68440A-60B8-4DEB-B0A0-72FDE0F2BB81}.Debug|Any CPU.ActiveCfg = Debug|Any CPU
		{ED68440A-60B8-4DEB-B0A0-72FDE0F2BB81}.Debug|Any CPU.Build.0 = Debug|Any CPU
		{ED68440A-60B8-4DEB-B0A0-72FDE0F2BB81}.Release|Any CPU.ActiveCfg = Release|Any CPU
		{ED68440A-60B8-4DEB-B0A0-72FDE0F2BB81}.Release|Any CPU.Build.0 = Release|Any CPU
		{254BE032-EF72-48CE-A10C-B6264492EA60}.Debug|Any CPU.ActiveCfg = Debug|Any CPU
		{254BE032-EF72-48CE-A10C-B6264492EA60}.Debug|Any CPU.Build.0 = Debug|Any CPU
		{254BE032-EF72-48CE-A10C-B6264492EA60}.Release|Any CPU.ActiveCfg = Release|Any CPU
		{254BE032-EF72-48CE-A10C-B6264492EA60}.Release|Any CPU.Build.0 = Release|Any CPU
		{4EF0A11C-2B7B-4C2A-897C-C9AD033A0592}.Debug|Any CPU.ActiveCfg = Debug|Any CPU
		{4EF0A11C-2B7B-4C2A-897C-C9AD033A0592}.Debug|Any CPU.Build.0 = Debug|Any CPU
		{4EF0A11C-2B7B-4C2A-897C-C9AD033A0592}.Release|Any CPU.ActiveCfg = Release|Any CPU
		{4EF0A11C-2B7B-4C2A-897C-C9AD033A0592}.Release|Any CPU.Build.0 = Release|Any CPU
		{988130A1-2CDC-4050-AC87-BB60022ABE85}.Debug|Any CPU.ActiveCfg = Debug|Any CPU
		{988130A1-2CDC-4050-AC87-BB60022ABE85}.Debug|Any CPU.Build.0 = Debug|Any CPU
		{988130A1-2CDC-4050-AC87-BB60022ABE85}.Release|Any CPU.ActiveCfg = Release|Any CPU
		{988130A1-2CDC-4050-AC87-BB60022ABE85}.Release|Any CPU.Build.0 = Release|Any CPU
		{7698524D-567B-4A60-9373-FC63BA70193C}.Debug|Any CPU.ActiveCfg = Debug|Any CPU
		{7698524D-567B-4A60-9373-FC63BA70193C}.Debug|Any CPU.Build.0 = Debug|Any CPU
		{7698524D-567B-4A60-9373-FC63BA70193C}.Release|Any CPU.ActiveCfg = Release|Any CPU
		{7698524D-567B-4A60-9373-FC63BA70193C}.Release|Any CPU.Build.0 = Release|Any CPU
	EndGlobalSection
	GlobalSection(SolutionProperties) = preSolution
		HideSolutionNode = FALSE
	EndGlobalSection
	GlobalSection(NestedProjects) = preSolution
		{6E18385E-FB73-4AC4-8C34-20DD1E28D01D} = {B6AE9F3C-CB46-437E-9871-BAD483645EC4}
		{6FE5C260-BE3F-4BDD-9062-DF12A6FF2754} = {B6AE9F3C-CB46-437E-9871-BAD483645EC4}
		{2FCA0576-1375-475C-AEEF-D7EC427B0E07} = {C129A783-658B-4972-BB75-D1C5ECB74021}
		{4AA95E1E-2EF9-4C64-A1B7-3C563A43447C} = {C129A783-658B-4972-BB75-D1C5ECB74021}
		{ED68440A-60B8-4DEB-B0A0-72FDE0F2BB81} = {2FCA0576-1375-475C-AEEF-D7EC427B0E07}
		{254BE032-EF72-48CE-A10C-B6264492EA60} = {F1465487-5BF0-4636-A0AC-61AF13E29317}
		{4EF0A11C-2B7B-4C2A-897C-C9AD033A0592} = {536F4062-FE1F-49AF-A822-39BF541BD297}
		{988130A1-2CDC-4050-AC87-BB60022ABE85} = {6E18385E-FB73-4AC4-8C34-20DD1E28D01D}
		{7698524D-567B-4A60-9373-FC63BA70193C} = {6FE5C260-BE3F-4BDD-9062-DF12A6FF2754}
	EndGlobalSection
	GlobalSection(ExtensibilityGlobals) = postSolution
		SolutionGuid = {556F4D47-6592-418F-B3E7-00926217CE14}
	EndGlobalSection
EndGlobal
